
Microsoft Visual Studio Solution File, Format Version 12.00
# Visual Studio Version 17
VisualStudioVersion = 17.0.32112.339
MinimumVisualStudioVersion = 10.0.40219.1
Project("{9A19103F-16F7-4668-BE54-9A1E7A4F7556}") = "FizzBuzz", "FizzBuzz.csproj", "{1BD16CAC-72C7-47CB-B025-DA473D1D8191}"
EndProject
Project("{FAE04EC0-301F-11D3-BF4B-00C04F79EFBC}") = "TestProject1", "..\TestProject1\TestProject1.csproj", "{7C76987D-A8D3-4758-9BAD-D25CC3ADFE2E}"
EndProject
Global
	GlobalSection(SolutionConfigurationPlatforms) = preSolution
		Debug|Any CPU = Debug|Any CPU
		Release|Any CPU = Release|Any CPU
	EndGlobalSection
	GlobalSection(ProjectConfigurationPlatforms) = postSolution
		{1BD16CAC-72C7-47CB-B025-DA473D1D8191}.Debug|Any CPU.ActiveCfg = Debug|Any CPU
		{1BD16CAC-72C7-47CB-B025-DA473D1D8191}.Debug|Any CPU.Build.0 = Debug|Any CPU
		{1BD16CAC-72C7-47CB-B025-DA473D1D8191}.Release|Any CPU.ActiveCfg = Release|Any CPU
		{1BD16CAC-72C7-47CB-B025-DA473D1D8191}.Release|Any CPU.Build.0 = Release|Any CPU
		{7C76987D-A8D3-4758-9BAD-D25CC3ADFE2E}.Debug|Any CPU.ActiveCfg = Debug|Any CPU
		{7C76987D-A8D3-4758-9BAD-D25CC3ADFE2E}.Debug|Any CPU.Build.0 = Debug|Any CPU
		{7C76987D-A8D3-4758-9BAD-D25CC3ADFE2E}.Release|Any CPU.ActiveCfg = Release|Any CPU
		{7C76987D-A8D3-4758-9BAD-D25CC3ADFE2E}.Release|Any CPU.Build.0 = Release|Any CPU
	EndGlobalSection
	GlobalSection(SolutionProperties) = preSolution
		HideSolutionNode = FALSE
	EndGlobalSection
	GlobalSection(ExtensibilityGlobals) = postSolution
		SolutionGuid = {466E2D68-BCC0-425B-84DE-D36FA9097FD6}
	EndGlobalSection
EndGlobal
